Microsoft Visual Studio Solution File, Format Version 12.00
# Visual Studio Version 17
VisualStudioVersion = 17.8.0.0
MinimumVisualStudioVersion = 17.8.0.0
Project("{2150E333-8FDC-42A3-9474-1A3956D46DE8}") = "Architecture", "Architecture", "{E5711741-9F44-48A2-A7E0-2C3D3E659DD5}"
EndProject
Project("{2150E333-8FDC-42A3-9474-1A3956D46DE8}") = "Aspire", "Aspire", "{0350470A-6EF9-45B7-BB1E-B8F8CE99E1F3}"
EndProject
Project("{2150E333-8FDC-42A3-9474-1A3956D46DE8}") = "Blazor", "Blazor", "{366E45F8-CAE4-4AEC-8646-7EE180862982}"
EndProject
Project("{9A19103F-16F7-4668-BE54-9A1E7A4F7556}") = "Hooligan.Web", "Hooligan.Blazor\Hooligan.Web\Hooligan.Web.csproj", "{FAC74FB7-DF4B-43F5-8048-3F5FBC90EA3B}"
EndProject
Project("{9A19103F-16F7-4668-BE54-9A1E7A4F7556}") = "Hooligan.AppHost", "Hooligan.Aspire\Hooligan.AppHost\Hooligan.AppHost.csproj", "{3BF7687E-DC0E-42B1-9FBE-A8EA1FB33711}"
EndProject
Project("{9A19103F-16F7-4668-BE54-9A1E7A4F7556}") = "Hooligan.ServiceDefaults", "Hooligan.Aspire\Hooligan.ServiceDefaults\Hooligan.ServiceDefaults.csproj", "{C7F8758F-DE9B-472D-BC9F-B12FB4217C97}"
EndProject
Project("{9A19103F-16F7-4668-BE54-9A1E7A4F7556}") = "Hooligan.Application", "Hooligan.Architecture\Hooligan.Application\Hooligan.Application.csproj", "{D01B71E3-9FBF-44DB-99A5-0D232F4AED42}"
EndProject
Project("{9A19103F-16F7-4668-BE54-9A1E7A4F7556}") = "Hooligan.Domain", "Hooligan.Architecture\Hooligan.Domain\Hooligan.Domain.csproj", "{444B8B1B-F22C-4847-BEA3-5D0393CDACD1}"
EndProject
Project("{9A19103F-16F7-4668-BE54-9A1E7A4F7556}") = "Hooligan.Infrastructure", "Hooligan.Architecture\Hooligan.Infrastructure\Hooligan.Infrastructure.csproj", "{1369FAA8-9A0B-48B0-936C-00BB71405A23}"
EndProject
Project("{9A19103F-16F7-4668-BE54-9A1E7A4F7556}") = "Hooligan.Presentation", "Hooligan.Architecture\Hooligan.Presentation\Hooligan.Presentation.csproj", "{D93F2A07-FD56-49D3-8D0C-91FB72C443C7}"
EndProject
Project("{2150E333-8FDC-42A3-9474-1A3956D46DE8}") = "Grpc", "Grpc", "{AB0C27F9-1550-420E-BFB0-0942ABE34DC2}"
EndProject
Project("{9A19103F-16F7-4668-BE54-9A1E7A4F7556}") = "Hooligan.Grpc", "Hooligan.Grpc\Hooligan.Grpc.csproj", "{B625A433-1E83-45AD-9230-9A180040FCFA}"
EndProject
Project("{2150E333-8FDC-42A3-9474-1A3956D46DE8}") = "BuildingBlocks", "BuildingBlocks", "{83FF547A-89A1-49BC-9C22-C67D5E0B61FC}"
EndProject
Project("{FAE04EC0-301F-11D3-BF4B-00C04F79EFBC}") = "Hooligan.Common", "Hooligan.BuildingBlocks\Hooligan.Common\Hooligan.Common.csproj", "{F6991FBD-5F92-4940-B192-20E2FA9F2D51}"
EndProject
Global
	GlobalSection(SolutionConfigurationPlatforms) = preSolution
		Debug|Any CPU = Debug|Any CPU
		Release|Any CPU = Release|Any CPU
	EndGlobalSection
	GlobalSection(ProjectConfigurationPlatforms) = postSolution
		{FAC74FB7-DF4B-43F5-8048-3F5FBC90EA3B}.Debug|Any CPU.ActiveCfg = Debug|Any CPU
		{FAC74FB7-DF4B-43F5-8048-3F5FBC90EA3B}.Debug|Any CPU.Build.0 = Debug|Any CPU
		{FAC74FB7-DF4B-43F5-8048-3F5FBC90EA3B}.Release|Any CPU.ActiveCfg = Release|Any CPU
		{FAC74FB7-DF4B-43F5-8048-3F5FBC90EA3B}.Release|Any CPU.Build.0 = Release|Any CPU
		{3BF7687E-DC0E-42B1-9FBE-A8EA1FB33711}.Debug|Any CPU.ActiveCfg = Debug|Any CPU
		{3BF7687E-DC0E-42B1-9FBE-A8EA1FB33711}.Debug|Any CPU.Build.0 = Debug|Any CPU
		{3BF7687E-DC0E-42B1-9FBE-A8EA1FB33711}.Release|Any CPU.ActiveCfg = Release|Any CPU
		{3BF7687E-DC0E-42B1-9FBE-A8EA1FB33711}.Release|Any CPU.Build.0 = Release|Any CPU
		{C7F8758F-DE9B-472D-BC9F-B12FB4217C97}.Debug|Any CPU.ActiveCfg = Debug|Any CPU
		{C7F8758F-DE9B-472D-BC9F-B12FB4217C97}.Debug|Any CPU.Build.0 = Debug|Any CPU
		{C7F8758F-DE9B-472D-BC9F-B12FB4217C97}.Release|Any CPU.ActiveCfg = Release|Any CPU
		{C7F8758F-DE9B-472D-BC9F-B12FB4217C97}.Release|Any CPU.Build.0 = Release|Any CPU
		{D01B71E3-9FBF-44DB-99A5-0D232F4AED42}.Debug|Any CPU.ActiveCfg = Debug|Any CPU
		{D01B71E3-9FBF-44DB-99A5-0D232F4AED42}.Debug|Any CPU.Build.0 = Debug|Any CPU
		{D01B71E3-9FBF-44DB-99A5-0D232F4AED42}.Release|Any CPU.ActiveCfg = Release|Any CPU
		{D01B71E3-9FBF-44DB-99A5-0D232F4AED42}.Release|Any CPU.Build.0 = Release|Any CPU
		{444B8B1B-F22C-4847-BEA3-5D0393CDACD1}.Debug|Any CPU.ActiveCfg = Debug|Any CPU
		{444B8B1B-F22C-4847-BEA3-5D0393CDACD1}.Debug|Any CPU.Build.0 = Debug|Any CPU
		{444B8B1B-F22C-4847-BEA3-5D0393CDACD1}.Release|Any CPU.ActiveCfg = Release|Any CPU
		{444B8B1B-F22C-4847-BEA3-5D0393CDACD1}.Release|Any CPU.Build.0 = Release|Any CPU
		{1369FAA8-9A0B-48B0-936C-00BB71405A23}.Debug|Any CPU.ActiveCfg = Debug|Any CPU
		{1369FAA8-9A0B-48B0-936C-00BB71405A23}.Debug|Any CPU.Build.0 = Debug|Any CPU
		{1369FAA8-9A0B-48B0-936C-00BB71405A23}.Release|Any CPU.ActiveCfg = Release|Any CPU
		{1369FAA8-9A0B-48B0-936C-00BB71405A23}.Release|Any CPU.Build.0 = Release|Any CPU
		{D93F2A07-FD56-49D3-8D0C-91FB72C443C7}.Debug|Any CPU.ActiveCfg = Debug|Any CPU
		{D93F2A07-FD56-49D3-8D0C-91FB72C443C7}.Debug|Any CPU.Build.0 = Debug|Any CPU
		{D93F2A07-FD56-49D3-8D0C-91FB72C443C7}.Release|Any CPU.ActiveCfg = Release|Any CPU
		{D93F2A07-FD56-49D3-8D0C-91FB72C443C7}.Release|Any CPU.Build.0 = Release|Any CPU
		{B625A433-1E83-45AD-9230-9A180040FCFA}.Debug|Any CPU.ActiveCfg = Debug|Any CPU
		{B625A433-1E83-45AD-9230-9A180040FCFA}.Debug|Any CPU.Build.0 = Debug|Any CPU
		{B625A433-1E83-45AD-9230-9A180040FCFA}.Release|Any CPU.ActiveCfg = Release|Any CPU
		{B625A433-1E83-45AD-9230-9A180040FCFA}.Release|Any CPU.Build.0 = Release|Any CPU
		{F6991FBD-5F92-4940-B192-20E2FA9F2D51}.Debug|Any CPU.ActiveCfg = Debug|Any CPU
		{F6991FBD-5F92-4940-B192-20E2FA9F2D51}.Debug|Any CPU.Build.0 = Debug|Any CPU
		{F6991FBD-5F92-4940-B192-20E2FA9F2D51}.Release|Any CPU.ActiveCfg = Release|Any CPU
		{F6991FBD-5F92-4940-B192-20E2FA9F2D51}.Release|Any CPU.Build.0 = Release|Any CPU
	EndGlobalSection
	GlobalSection(SolutionProperties) = preSolution
		HideSolutionNode = FALSE
	EndGlobalSection
	GlobalSection(NestedProjects) = preSolution
		{FAC74FB7-DF4B-43F5-8048-3F5FBC90EA3B} = {366E45F8-CAE4-4AEC-8646-7EE180862982}
		{3BF7687E-DC0E-42B1-9FBE-A8EA1FB33711} = {0350470A-6EF9-45B7-BB1E-B8F8CE99E1F3}
		{C7F8758F-DE9B-472D-BC9F-B12FB4217C97} = {0350470A-6EF9-45B7-BB1E-B8F8CE99E1F3}
		{D01B71E3-9FBF-44DB-99A5-0D232F4AED42} = {E5711741-9F44-48A2-A7E0-2C3D3E659DD5}
		{444B8B1B-F22C-4847-BEA3-5D0393CDACD1} = {E5711741-9F44-48A2-A7E0-2C3D3E659DD5}
		{1369FAA8-9A0B-48B0-936C-00BB71405A23} = {E5711741-9F44-48A2-A7E0-2C3D3E659DD5}
		{D93F2A07-FD56-49D3-8D0C-91FB72C443C7} = {E5711741-9F44-48A2-A7E0-2C3D3E659DD5}
		{B625A433-1E83-45AD-9230-9A180040FCFA} = {AB0C27F9-1550-420E-BFB0-0942ABE34DC2}
		{F6991FBD-5F92-4940-B192-20E2FA9F2D51} = {83FF547A-89A1-49BC-9C22-C67D5E0B61FC}
	EndGlobalSection
	GlobalSection(ExtensibilityGlobals) = postSolution
		SolutionGuid = {FEDD8A9E-0FB9-4ADB-BD56-27A5CACD94C6}
	EndGlobalSection
EndGlobal
